<?xml version="1.0" encoding="utf-8"?>
<Project ToolsVersion="15.0" xmlns="http://schemas.microsoft.com/developer/msbuild/2003">
  <ItemGroup>
    <CustomBuild Include="C:\Users\golel\Desktop\Лаба Множества\mp2-lab1-set\CMakeFiles\6577b1d775c5fa2177958ddbdd0ff858\generate.stamp.rule">
      <Filter>CMake Rules</Filter>
    </CustomBuild>
  </ItemGroup>
  <ItemGroup>
    <Filter Include="CMake Rules">
      <UniqueIdentifier>{DF437F05-4930-317E-9052-0B0B65BEDAC6}</UniqueIdentifier>
    </Filter>
  </ItemGroup>
</Project>
