<?xml version="1.0" encoding="utf-8"?>
<Project ToolsVersion="15.0" xmlns="http://schemas.microsoft.com/developer/msbuild/2003">
  <ItemGroup>
    <ClCompile Include="C:\Users\golel\Desktop\Лаба Множества\mp2-lab1-set\src\tbitfield.cpp">
      <Filter>Source Files</Filter>
    </ClCompile>
    <ClCompile Include="C:\Users\golel\Desktop\Лаба Множества\mp2-lab1-set\src\tset.cpp">
      <Filter>Source Files</Filter>
    </ClCompile>
  </ItemGroup>
  <ItemGroup>
    <ClInclude Include="C:\Users\golel\Desktop\Лаба Множества\mp2-lab1-set\include\tbitfield.h">
      <Filter>Header Files</Filter>
    </ClInclude>
    <ClInclude Include="C:\Users\golel\Desktop\Лаба Множества\mp2-lab1-set\include\tset.h">
      <Filter>Header Files</Filter>
    </ClInclude>
  </ItemGroup>
  <ItemGroup>
    <CustomBuild Include="C:\Users\golel\Desktop\Лаба Множества\mp2-lab1-set\src\CMakeLists.txt" />
  </ItemGroup>
  <ItemGroup>
    <Filter Include="Header Files">
      <UniqueIdentifier>{525C750D-B3CC-36CB-8556-E7937AD6F5FB}</UniqueIdentifier>
    </Filter>
    <Filter Include="Source Files">
      <UniqueIdentifier>{C4DDE242-744B-3653-9B19-AE3E0EE08689}</UniqueIdentifier>
    </Filter>
  </ItemGroup>
</Project>
